
Microsoft Visual Studio Solution File, Format Version 12.00
# Visual Studio Version 16
VisualStudioVersion = 16.0.31702.278
MinimumVisualStudioVersion = 10.0.40219.1
Project("{9A19103F-16F7-4668-BE54-9A1E7A4F7556}") = "LinkWheel", "LinkWheel\LinkWheel.csproj", "{776148C8-D825-4124-B9DD-B6308E98154A}"
EndProject
Project("{9A19103F-16F7-4668-BE54-9A1E7A4F7556}") = "LinkWheelCli", "LinkWheelCli\LinkWheelCli.csproj", "{46CDCC89-2FAA-4BF8-B5C6-BBC992621C79}"
EndProject
Project("{9A19103F-16F7-4668-BE54-9A1E7A4F7556}") = "CoreAPI", "CoreAPI\CoreAPI.csproj", "{54273A1F-D414-4CEC-8714-470F8649D57B}"
EndProject
Project("{FAE04EC0-301F-11D3-BF4B-00C04F79EFBC}") = "LinkWheelVS", "LinkWheelVSIX\LinkWheelVS.csproj", "{D4483EFA-000A-48FF-BDB9-18E8D4F3986D}"
EndProject
Global
	GlobalSection(SolutionConfigurationPlatforms) = preSolution
		Debug|Any CPU = Debug|Any CPU
		Release|Any CPU = Release|Any CPU
	EndGlobalSection
	GlobalSection(ProjectConfigurationPlatforms) = postSolution
		{776148C8-D825-4124-B9DD-B6308E98154A}.Debug|Any CPU.ActiveCfg = Debug|Any CPU
		{776148C8-D825-4124-B9DD-B6308E98154A}.Debug|Any CPU.Build.0 = Debug|Any CPU
		{776148C8-D825-4124-B9DD-B6308E98154A}.Release|Any CPU.ActiveCfg = Release|Any CPU
		{776148C8-D825-4124-B9DD-B6308E98154A}.Release|Any CPU.Build.0 = Release|Any CPU
		{46CDCC89-2FAA-4BF8-B5C6-BBC992621C79}.Debug|Any CPU.ActiveCfg = Debug|Any CPU
		{46CDCC89-2FAA-4BF8-B5C6-BBC992621C79}.Debug|Any CPU.Build.0 = Debug|Any CPU
		{46CDCC89-2FAA-4BF8-B5C6-BBC992621C79}.Release|Any CPU.ActiveCfg = Release|Any CPU
		{46CDCC89-2FAA-4BF8-B5C6-BBC992621C79}.Release|Any CPU.Build.0 = Release|Any CPU
		{54273A1F-D414-4CEC-8714-470F8649D57B}.Debug|Any CPU.ActiveCfg = Debug|Any CPU
		{54273A1F-D414-4CEC-8714-470F8649D57B}.Debug|Any CPU.Build.0 = Debug|Any CPU
		{54273A1F-D414-4CEC-8714-470F8649D57B}.Release|Any CPU.ActiveCfg = Release|Any CPU
		{54273A1F-D414-4CEC-8714-470F8649D57B}.Release|Any CPU.Build.0 = Release|Any CPU
		{D4483EFA-000A-48FF-BDB9-18E8D4F3986D}.Debug|Any CPU.ActiveCfg = Debug|Any CPU
		{D4483EFA-000A-48FF-BDB9-18E8D4F3986D}.Debug|Any CPU.Build.0 = Debug|Any CPU
		{D4483EFA-000A-48FF-BDB9-18E8D4F3986D}.Release|Any CPU.ActiveCfg = Release|Any CPU
		{D4483EFA-000A-48FF-BDB9-18E8D4F3986D}.Release|Any CPU.Build.0 = Release|Any CPU
	EndGlobalSection
	GlobalSection(SolutionProperties) = preSolution
		HideSolutionNode = FALSE
	EndGlobalSection
	GlobalSection(ExtensibilityGlobals) = postSolution
		SolutionGuid = {68DAFF58-C0A3-40C7-AB5B-46C0FA5AC8AD}
	EndGlobalSection
EndGlobal
